{
  "version": 4,
  "terraform_version": "1.4.4",
  "serial": 46,
  "lineage": "00796381-6840-a676-f48e-3935e0b6e21e",
  "outputs": {},
  "resources": [
    {
      "module": "module.github-repo",
      "mode": "managed",
      "type": "github_repository",
      "name": "test-pcpsa-tf-modules",
      "provider": "module.github-repo.provider[\"registry.terraform.io/integrations/github\"]",
      "instances": [
        {
          "schema_version": 1,
          "attributes": {
            "allow_auto_merge": false,
            "allow_merge_commit": true,
            "allow_rebase_merge": true,
            "allow_squash_merge": true,
            "allow_update_branch": false,
            "archive_on_destroy": null,
            "archived": false,
            "auto_init": null,
            "default_branch": "main",
            "delete_branch_on_merge": false,
            "description": "project root repo",
            "etag": "W/\"b7815b5293e57a24e41f449ecddadb4a03a92a5658e96ce79123772fdbcb0058\"",
            "full_name": "AHEAD-pcpsa-lab/pcpsa-root",
            "git_clone_url": "git://github.com/AHEAD-pcpsa-lab/pcpsa-root.git",
            "gitignore_template": null,
            "has_discussions": false,
            "has_downloads": false,
            "has_issues": false,
            "has_projects": false,
            "has_wiki": false,
            "homepage_url": "",
            "html_url": "https://github.com/AHEAD-pcpsa-lab/pcpsa-root",
            "http_clone_url": "https://github.com/AHEAD-pcpsa-lab/pcpsa-root.git",
            "id": "pcpsa-root",
            "ignore_vulnerability_alerts_during_read": null,
            "is_template": false,
            "license_template": null,
            "merge_commit_message": "PR_TITLE",
            "merge_commit_title": "MERGE_MESSAGE",
            "name": "pcpsa-root",
            "node_id": "R_kgDOJWFTdQ",
            "pages": [],
            "private": true,
            "repo_id": 627135349,
            "security_and_analysis": [],
            "squash_merge_commit_message": "COMMIT_MESSAGES",
            "squash_merge_commit_title": "COMMIT_OR_PR_TITLE",
            "ssh_clone_url": "git@github.com:AHEAD-pcpsa-lab/pcpsa-root.git",
            "svn_url": "https://github.com/AHEAD-pcpsa-lab/pcpsa-root",
            "template": [],
            "topics": null,
            "visibility": "private",
            "vulnerability_alerts": false
          },
          "sensitive_attributes": [],
          "private": "eyJzY2hlbWFfdmVyc2lvbiI6IjEifQ=="
        }
      ]
    }
  ],
  "check_results": null
}
